
Microsoft Visual Studio Solution File, Format Version 12.00
# Visual Studio Version 17
VisualStudioVersion = 17.4.33205.214
MinimumVisualStudioVersion = 10.0.40219.1
Project("{FAE04EC0-301F-11D3-BF4B-00C04F79EFBC}") = "BATTAP_TAILOp", "BATTAP_TAILOp.csproj", "{4B9BCB0D-A07C-47D4-9804-621E28F8EEFE}"
EndProject
Global
	GlobalSection(SolutionConfigurationPlatforms) = preSolution
		Debug|Any CPU = Debug|Any CPU
		Release|Any CPU = Release|Any CPU
	EndGlobalSection
	GlobalSection(ProjectConfigurationPlatforms) = postSolution
		{4B9BCB0D-A07C-47D4-9804-621E28F8EEFE}.Debug|Any CPU.ActiveCfg = Debug|Any CPU
		{4B9BCB0D-A07C-47D4-9804-621E28F8EEFE}.Debug|Any CPU.Build.0 = Debug|Any CPU
		{4B9BCB0D-A07C-47D4-9804-621E28F8EEFE}.Release|Any CPU.ActiveCfg = Release|Any CPU
		{4B9BCB0D-A07C-47D4-9804-621E28F8EEFE}.Release|Any CPU.Build.0 = Release|Any CPU
	EndGlobalSection
	GlobalSection(SolutionProperties) = preSolution
		HideSolutionNode = FALSE
	EndGlobalSection
	GlobalSection(ExtensibilityGlobals) = postSolution
		SolutionGuid = {C9F9A931-AB7E-4797-835D-45FC3B019B6B}
	EndGlobalSection
EndGlobal
