
Microsoft Visual Studio Solution File, Format Version 12.00
# Visual Studio Version 17
VisualStudioVersion = 17.4.33205.214
MinimumVisualStudioVersion = 10.0.40219.1
Project("{9A19103F-16F7-4668-BE54-9A1E7A4F7556}") = "AutomobileLibrary", "AutomobileLibrary\AutomobileLibrary.csproj", "{A22134BB-40B1-4E07-B30B-D62FF7F5B7C2}"
EndProject
Project("{FAE04EC0-301F-11D3-BF4B-00C04F79EFBC}") = "AutomobileWPFApp", "AutomobileWPFApp\AutomobileWPFApp.csproj", "{B6797C67-0DED-4116-B79C-C84283DF4CEB}"
EndProject
Global
	GlobalSection(SolutionConfigurationPlatforms) = preSolution
		Debug|Any CPU = Debug|Any CPU
		Release|Any CPU = Release|Any CPU
	EndGlobalSection
	GlobalSection(ProjectConfigurationPlatforms) = postSolution
		{A22134BB-40B1-4E07-B30B-D62FF7F5B7C2}.Debug|Any CPU.ActiveCfg = Debug|Any CPU
		{A22134BB-40B1-4E07-B30B-D62FF7F5B7C2}.Debug|Any CPU.Build.0 = Debug|Any CPU
		{A22134BB-40B1-4E07-B30B-D62FF7F5B7C2}.Release|Any CPU.ActiveCfg = Release|Any CPU
		{A22134BB-40B1-4E07-B30B-D62FF7F5B7C2}.Release|Any CPU.Build.0 = Release|Any CPU
		{B6797C67-0DED-4116-B79C-C84283DF4CEB}.Debug|Any CPU.ActiveCfg = Debug|Any CPU
		{B6797C67-0DED-4116-B79C-C84283DF4CEB}.Debug|Any CPU.Build.0 = Debug|Any CPU
		{B6797C67-0DED-4116-B79C-C84283DF4CEB}.Release|Any CPU.ActiveCfg = Release|Any CPU
		{B6797C67-0DED-4116-B79C-C84283DF4CEB}.Release|Any CPU.Build.0 = Release|Any CPU
	EndGlobalSection
	GlobalSection(SolutionProperties) = preSolution
		HideSolutionNode = FALSE
	EndGlobalSection
	GlobalSection(ExtensibilityGlobals) = postSolution
		SolutionGuid = {D3D42979-EEE7-410A-9193-1BF8BE9DE80A}
	EndGlobalSection
EndGlobal
