
Microsoft Visual Studio Solution File, Format Version 12.00
# Visual Studio Version 17
VisualStudioVersion = 17.4.33205.214
MinimumVisualStudioVersion = 10.0.40219.1
Project("{FAE04EC0-301F-11D3-BF4B-00C04F79EFBC}") = "Lap3_WindowForms", "Lap3_WindowForms.csproj", "{A50ACC1F-B1A2-47AD-BE1A-375A212CB9BE}"
EndProject
Global
	GlobalSection(SolutionConfigurationPlatforms) = preSolution
		Debug|Any CPU = Debug|Any CPU
		Release|Any CPU = Release|Any CPU
	EndGlobalSection
	GlobalSection(ProjectConfigurationPlatforms) = postSolution
		{A50ACC1F-B1A2-47AD-BE1A-375A212CB9BE}.Debug|Any CPU.ActiveCfg = Debug|Any CPU
		{A50ACC1F-B1A2-47AD-BE1A-375A212CB9BE}.Debug|Any CPU.Build.0 = Debug|Any CPU
		{A50ACC1F-B1A2-47AD-BE1A-375A212CB9BE}.Release|Any CPU.ActiveCfg = Release|Any CPU
		{A50ACC1F-B1A2-47AD-BE1A-375A212CB9BE}.Release|Any CPU.Build.0 = Release|Any CPU
	EndGlobalSection
	GlobalSection(SolutionProperties) = preSolution
		HideSolutionNode = FALSE
	EndGlobalSection
	GlobalSection(ExtensibilityGlobals) = postSolution
		SolutionGuid = {BAF286C0-1B6B-42AC-AFBC-BBA30C16FD97}
	EndGlobalSection
EndGlobal
